
Microsoft Visual Studio Solution File, Format Version 12.00
# Visual Studio Version 17
VisualStudioVersion = 17.8.34330.188
MinimumVisualStudioVersion = 10.0.40219.1
Project("{FAE04EC0-301F-11D3-BF4B-00C04F79EFBC}") = "MucicPortalWebClient", "MucicPortalWebClient\MucicPortalWebClient.csproj", "{9EBA09F5-A05B-4164-A546-C6A9F0B3581B}"
EndProject
Global
	GlobalSection(SolutionConfigurationPlatforms) = preSolution
		Debug|Any CPU = Debug|Any CPU
		Release|Any CPU = Release|Any CPU
	EndGlobalSection
	GlobalSection(ProjectConfigurationPlatforms) = postSolution
		{9EBA09F5-A05B-4164-A546-C6A9F0B3581B}.Debug|Any CPU.ActiveCfg = Debug|Any CPU
		{9EBA09F5-A05B-4164-A546-C6A9F0B3581B}.Debug|Any CPU.Build.0 = Debug|Any CPU
		{9EBA09F5-A05B-4164-A546-C6A9F0B3581B}.Release|Any CPU.ActiveCfg = Release|Any CPU
		{9EBA09F5-A05B-4164-A546-C6A9F0B3581B}.Release|Any CPU.Build.0 = Release|Any CPU
	EndGlobalSection
	GlobalSection(SolutionProperties) = preSolution
		HideSolutionNode = FALSE
	EndGlobalSection
	GlobalSection(ExtensibilityGlobals) = postSolution
		SolutionGuid = {213B4F15-4706-4B7A-B87D-048882E1CA4B}
	EndGlobalSection
EndGlobal
